
Microsoft Visual Studio Solution File, Format Version 12.00
# Visual Studio 15
VisualStudioVersion = 15.0.28307.902
MinimumVisualStudioVersion = 10.0.40219.1
Project("{FAE04EC0-301F-11D3-BF4B-00C04F79EFBC}") = "first_game", "first_game\first_game.csproj", "{D3660F91-20FD-4959-AE12-4EA6ECC272BA}"
EndProject
Global
	GlobalSection(SolutionConfigurationPlatforms) = preSolution
		Debug|Any CPU = Debug|Any CPU
		Release|Any CPU = Release|Any CPU
	EndGlobalSection
	GlobalSection(ProjectConfigurationPlatforms) = postSolution
		{D3660F91-20FD-4959-AE12-4EA6ECC272BA}.Debug|Any CPU.ActiveCfg = Debug|Any CPU
		{D3660F91-20FD-4959-AE12-4EA6ECC272BA}.Debug|Any CPU.Build.0 = Debug|Any CPU
		{D3660F91-20FD-4959-AE12-4EA6ECC272BA}.Release|Any CPU.ActiveCfg = Release|Any CPU
		{D3660F91-20FD-4959-AE12-4EA6ECC272BA}.Release|Any CPU.Build.0 = Release|Any CPU
	EndGlobalSection
	GlobalSection(SolutionProperties) = preSolution
		HideSolutionNode = FALSE
	EndGlobalSection
	GlobalSection(ExtensibilityGlobals) = postSolution
		SolutionGuid = {52E71843-BB4A-4EB3-8BA1-3D5EE7032719}
	EndGlobalSection
EndGlobal
